# This file is automatically @generated by Cargo.
# It is not intended for manual editing.
version = 3

[[package]]
name = "ton-net"
version = "0.1.0-alpha.1"

[[package]]
name = "ton-net-adnl"
version = "0.1.0-alpha.1"

[[package]]
name = "ton-net-lite"
version = "0.1.0-alpha.1"

[[package]]
name = "ton-net-node"
version = "0.1.0-alpha.1"

[[package]]
name = "ton-net-tl"
version = "0.1.0-alpha.1"
